
Microsoft Visual Studio Solution File, Format Version 12.00
# Visual Studio Version 17
VisualStudioVersion = 17.1.32328.378
MinimumVisualStudioVersion = 10.0.40219.1
Project("{FAE04EC0-301F-11D3-BF4B-00C04F79EFBC}") = "InputValues", "InputValues.csproj", "{184049A0-9588-4AEA-94A1-3B143CC7CBDE}"
EndProject
Global
	GlobalSection(SolutionConfigurationPlatforms) = preSolution
		Debug|Any CPU = Debug|Any CPU
		Release|Any CPU = Release|Any CPU
	EndGlobalSection
	GlobalSection(ProjectConfigurationPlatforms) = postSolution
		{184049A0-9588-4AEA-94A1-3B143CC7CBDE}.Debug|Any CPU.ActiveCfg = Debug|Any CPU
		{184049A0-9588-4AEA-94A1-3B143CC7CBDE}.Debug|Any CPU.Build.0 = Debug|Any CPU
		{184049A0-9588-4AEA-94A1-3B143CC7CBDE}.Release|Any CPU.ActiveCfg = Release|Any CPU
		{184049A0-9588-4AEA-94A1-3B143CC7CBDE}.Release|Any CPU.Build.0 = Release|Any CPU
	EndGlobalSection
	GlobalSection(SolutionProperties) = preSolution
		HideSolutionNode = FALSE
	EndGlobalSection
	GlobalSection(ExtensibilityGlobals) = postSolution
		SolutionGuid = {EDCB6E5A-33E3-4CA9-9093-6D9BE70F175E}
	EndGlobalSection
EndGlobal
